
Microsoft Visual Studio Solution File, Format Version 12.00
Project("{FAE04EC0-301F-11D3-BF4B-00C04F79EFBC}") = "LogParser", "LogParser\LogParser.csproj", "{B4D67B20-2F55-4754-8D79-A51E1921FB37}"
EndProject
Project("{FAE04EC0-301F-11D3-BF4B-00C04F79EFBC}") = "LogParser.Tests", "LogParser.Tests\LogParser.Tests.csproj", "{DBCFFF8B-565E-4E15-B835-820192FCCA9E}"
EndProject
Global
	GlobalSection(SolutionConfigurationPlatforms) = preSolution
		Debug|Any CPU = Debug|Any CPU
		Release|Any CPU = Release|Any CPU
	EndGlobalSection
	GlobalSection(ProjectConfigurationPlatforms) = postSolution
		{B4D67B20-2F55-4754-8D79-A51E1921FB37}.Debug|Any CPU.ActiveCfg = Debug|Any CPU
		{B4D67B20-2F55-4754-8D79-A51E1921FB37}.Debug|Any CPU.Build.0 = Debug|Any CPU
		{B4D67B20-2F55-4754-8D79-A51E1921FB37}.Release|Any CPU.ActiveCfg = Release|Any CPU
		{B4D67B20-2F55-4754-8D79-A51E1921FB37}.Release|Any CPU.Build.0 = Release|Any CPU
		{DBCFFF8B-565E-4E15-B835-820192FCCA9E}.Debug|Any CPU.ActiveCfg = Debug|Any CPU
		{DBCFFF8B-565E-4E15-B835-820192FCCA9E}.Debug|Any CPU.Build.0 = Debug|Any CPU
		{DBCFFF8B-565E-4E15-B835-820192FCCA9E}.Release|Any CPU.ActiveCfg = Release|Any CPU
		{DBCFFF8B-565E-4E15-B835-820192FCCA9E}.Release|Any CPU.Build.0 = Release|Any CPU
	EndGlobalSection
EndGlobal
